PODS:
  - ORImageGallery (1.0.1):
    - PureLayout (~> 3.0.2)
    - SDWebImage (~> 3.8.2)
  - PureLayout (3.0.2)
  - SDWebImage (3.8.2):
    - SDWebImage/Core (= 3.8.2)
  - SDWebImage/Core (3.8.2)

DEPENDENCIES:
  - ORImageGallery (from `../`)

EXTERNAL SOURCES:
  ORImageGallery:
    :path: ../

SPEC CHECKSUMS:
  ORImageGallery: 2a506684369a38177203024980b1538b2a7e6bd6
  PureLayout: 4d550abe49a94f24c2808b9b95db9131685fe4cd
  SDWebImage: 098e97e6176540799c27e804c96653ee0833d13c

PODFILE CHECKSUM: e4ec978ea88b6a37c989e17e7644943896ab365f

COCOAPODS: 1.2.1
